
Microsoft Visual Studio Solution File, Format Version 12.00
# Visual Studio Version 17
VisualStudioVersion = 17.8.34330.188
MinimumVisualStudioVersion = 10.0.40219.1
Project("{FAE04EC0-301F-11D3-BF4B-00C04F79EFBC}") = "CSGOStickers", "CSGOStickers\CSGOStickers.csproj", "{E9832F8B-A83A-467A-9E9B-A7A0BF0168E7}"
EndProject
Global
	GlobalSection(SolutionConfigurationPlatforms) = preSolution
		Debug|Any CPU = Debug|Any CPU
		Release|Any CPU = Release|Any CPU
	EndGlobalSection
	GlobalSection(ProjectConfigurationPlatforms) = postSolution
		{E9832F8B-A83A-467A-9E9B-A7A0BF0168E7}.Debug|Any CPU.ActiveCfg = Debug|Any CPU
		{E9832F8B-A83A-467A-9E9B-A7A0BF0168E7}.Debug|Any CPU.Build.0 = Debug|Any CPU
		{E9832F8B-A83A-467A-9E9B-A7A0BF0168E7}.Release|Any CPU.ActiveCfg = Release|Any CPU
		{E9832F8B-A83A-467A-9E9B-A7A0BF0168E7}.Release|Any CPU.Build.0 = Release|Any CPU
	EndGlobalSection
	GlobalSection(SolutionProperties) = preSolution
		HideSolutionNode = FALSE
	EndGlobalSection
	GlobalSection(ExtensibilityGlobals) = postSolution
		SolutionGuid = {CC551896-779D-4748-9492-46B31424D04A}
	EndGlobalSection
EndGlobal
